{
  "requires": true,
  "lockfileVersion": 1,
  "dependencies": {
    "react-native-permissions": {
      "version": "2.1.5",
      "resolved": "https://registry.npmjs.org/react-native-permissions/-/react-native-permissions-2.1.5.tgz",
      "integrity": "sha512-b9KO/4UEV9qddl+kcSybmdk8nlAifclSDBR2rSvc5KZM06vIaJWJNIzK2ZwPXqDQ5yD3CJLuKTRj7Fz+jM9qyQ=="
    }
  }
}
